
Microsoft Visual Studio Solution File, Format Version 12.00
# Visual Studio Version 16
VisualStudioVersion = 16.0.31005.135
MinimumVisualStudioVersion = 10.0.40219.1
Project("{FAE04EC0-301F-11D3-BF4B-00C04F79EFBC}") = "EnumComp", "EnumComp\EnumComp.csproj", "{A973D3AB-D29C-4878-925F-0810A68C9AA5}"
EndProject
Global
	GlobalSection(SolutionConfigurationPlatforms) = preSolution
		Debug|Any CPU = Debug|Any CPU
		Release|Any CPU = Release|Any CPU
	EndGlobalSection
	GlobalSection(ProjectConfigurationPlatforms) = postSolution
		{A973D3AB-D29C-4878-925F-0810A68C9AA5}.Debug|Any CPU.ActiveCfg = Debug|Any CPU
		{A973D3AB-D29C-4878-925F-0810A68C9AA5}.Debug|Any CPU.Build.0 = Debug|Any CPU
		{A973D3AB-D29C-4878-925F-0810A68C9AA5}.Release|Any CPU.ActiveCfg = Release|Any CPU
		{A973D3AB-D29C-4878-925F-0810A68C9AA5}.Release|Any CPU.Build.0 = Release|Any CPU
	EndGlobalSection
	GlobalSection(SolutionProperties) = preSolution
		HideSolutionNode = FALSE
	EndGlobalSection
	GlobalSection(ExtensibilityGlobals) = postSolution
		SolutionGuid = {E36C3870-7E38-4F7F-8D65-5D6165A258F2}
	EndGlobalSection
EndGlobal
